{
  "name": "nextjs-dashboard",
  "version": "0.1.0",
  "lockfileVersion": 3,
  "requires": true,
  "packages": {
    "": {
      "name": "nextjs-dashboard",
      "version": "0.1.0",
      "dependencies": {
        "next": "15.1.6",
        "react": "19.0.0",
        "react-dom": "19.0.0"
      }
    },
    "node_modules/next": {
      "version": "15.1.6",
      "resolved": "https://registry.npmjs.org/next/-/next-15.1.6.tgz",
      "integrity": "sha512-Oo9Uy+Yw/QGFN46WXwVPXJQsVBK+3/Vx3IUvkGwVJcWsqrAZBKXNXkpLfLKuYxXF/3lnrxDUGQTvXTBJUPVGJQg=="
    },
    "node_modules/react": {
      "version": "19.0.0",
      "resolved": "https://registry.npmjs.org/react/-/react-19.0.0.tgz",
      "integrity": "sha512-Oo9Uy+Yw/QGFN46WXwVPXJQsVBK+3/Vx3IUvkGwVJcWsqrAZBKXNXkpLfLKuYxXF/3lnrxDUGQTvXTBJUPVGJQg=="
    },
    "node_modules/react-dom": {
      "version": "19.0.0",
      "resolved": "https://registry.npmjs.org/react-dom/-/react-dom-19.0.0.tgz",
      "integrity": "sha512-Oo9Uy+Yw/QGFN46WXwVPXJQsVBK+3/Vx3IUvkGwVJcWsqrAZBKXNXkpLfLKuYxXF/3lnrxDUGQTvXTBJUPVGJQg=="
    },
    "node_modules/@next/swc-darwin-arm64": {
      "version": "15.2.0",
      "resolved": "https://registry.npmjs.org/@next/swc-darwin-arm64/-/swc-darwin-arm64-15.2.0.tgz",
      "integrity": "sha512-rlp22GZwNJjFCyL7h5wz9vtpBVuCt3ZYjFWpEPBGzG712/uL1bbSkS675rVAUCRZ4hjoTJ26Q7IKhr5DfJrHDA==",
      "cpu": [
        "arm64"
      ],
      "optional": true,
      "os": [
        "darwin"
      ],
      "engines": {
        "node": ">= 10"
      }
    },
    "node_modules/@next/swc-darwin-x64": {
      "version": "15.2.0",
      "resolved": "https://registry.npmjs.org/@next/swc-darwin-x64/-/swc-darwin-x64-15.2.0.tgz",
      "integrity": "sha512-DiU85EqSHogCz80+sgsx90/ecygfCSGl5P3b4XDRVZpgujBm5lp4ts7YaHru7eVTyZMjHInzKr+w0/7+qDrvMA==",
      "cpu": [
        "x64"
      ],
      "optional": true,
      "os": [
        "darwin"
      ],
      "engines": {
        "node": ">= 10"
      }
    },
    "node_modules/@next/swc-linux-arm64-gnu": {
      "version": "15.2.0",
      "resolved": "https://registry.npmjs.org/@next/swc-linux-arm64-gnu/-/swc-linux-arm64-gnu-15.2.0.tgz",
      "integrity": "sha512-VnpoMaGukiNWVxeqKHwi8MN47yKGyki5q+7ql/7p/3ifuU2341i/gDwGK1rivk0pVYbdv5D8z63uu9yMw0QhpQ==",
      "cpu": [
        "arm64"
      ],
      "optional": true,
      "os": [
        "linux"
      ],
      "engines": {
        "node": ">= 10"
      }
    },
    "node_modules/@next/swc-linux-arm64-musl": {
      "version": "15.2.0",
      "resolved": "https://registry.npmjs.org/@next/swc-linux-arm64-musl/-/swc-linux-arm64-musl-15.2.0.tgz",
      "integrity": "sha512-ka97/ssYE5nPH4Qs+8bd8RlYeNeUVBhcnsNUmFM6VWEob4jfN9FTr0NBhXVi1XEJpj3cMfgSRW+LdE3SUZbPrw==",
      "cpu": [
        "arm64"
      ],
      "optional": true,
      "os": [
        "linux"
      ],
      "engines": {
        "node": ">= 10"
      }
    },
    "node_modules/@next/swc-linux-x64-gnu": {
      "version": "15.2.0",
      "resolved": "https://registry.npmjs.org/@next/swc-linux-x64-gnu/-/swc-linux-x64-gnu-15.2.0.tgz",
      "integrity": "sha512-zY1JduE4B3q0k2ZCE+DAF/1efjTXUsKP+VXRtrt/rJCTgDlUyyryx7aOgYXNc1d8gobys/Lof9P9ze8IyRDn7Q==",
      "cpu": [
        "x64"
      ],
      "optional": true,
      "os": [
        "linux"
      ],
      "engines": {
        "node": ">= 10"
      }
    },
    "node_modules/@next/swc-linux-x64-musl": {
      "version": "15.2.0",
      "resolved": "https://registry.npmjs.org/@next/swc-linux-x64-musl/-/swc-linux-x64-musl-15.2.0.tgz",
      "integrity": "sha512-QqvLZpurBD46RhaVaVBepkVQzh8xtlUN00RlG4Iq1sBheNugamUNPuZEH1r9X1YGQo1KqAe1iiShF0acva3jHQ==",
      "cpu": [
        "x64"
      ],
      "optional": true,
      "os": [
        "linux"
      ],
      "engines": {
        "node": ">= 10"
      }
    },
    "node_modules/@next/swc-win32-arm64-msvc": {
      "version": "15.2.0",
      "resolved": "https://registry.npmjs.org/@next/swc-win32-arm64-msvc/-/swc-win32-arm64-msvc-15.2.0.tgz",
      "integrity": "sha512-ODZ0r9WMyylTHAN6pLtvUtQlGXBL9voljv6ujSlcsjOxhtXPI1Ag6AhZK0SE8hEpR1374WZZ5w33ChpJd5fsjw==",
      "cpu": [
        "arm64"
      ],
      "optional": true,
      "os": [
        "win32"
      ],
      "engines": {
        "node": ">= 10"
      }
    },
    "node_modules/@next/swc-win32-x64-msvc": {
      "version": "15.2.0",
      "resolved": "https://registry.npmjs.org/@next/swc-win32-x64-msvc/-/swc-win32-x64-msvc-15.2.0.tgz",
      "integrity": "sha512-8+4Z3Z7xa13NdUuUAcpVNA6o76lNPniBd9Xbo02bwXQXnZgFvEopwY2at5+z7yHl47X9qbZpvwatZ2BRo3EdZw==",
      "cpu": [
        "x64"
      ],
      "optional": true,
      "os": [
        "win32"
      ],
      "engines": {
        "node": ">= 10"
      }
    }
  }
}